# This file is automatically @generated by Poetry and should not be changed by hand.

[[package]]
name = "argcomplete"
version = "2.0.0"
description = "Bash tab completion for argparse"
category = "main"
optional = false
python-versions = ">=3.6"
files = [
    {file = "argcomplete-2.0.0-py2.py3-none-any.whl", hash = "sha256:cffa11ea77999bb0dd27bb25ff6dc142a6796142f68d45b1a26b11f58724561e"},
    {file = "argcomplete-2.0.0.tar.gz", hash = "sha256:6372ad78c89d662035101418ae253668445b391755cfe94ea52f1b9d22425b20"},
]

[package.dependencies]
importlib-metadata = {version = ">=0.23,<5", markers = "python_version == \"3.7\""}

[package.extras]
test = ["coverage", "flake8", "pexpect", "wheel"]

[[package]]
name = "argh"
version = "0.26.2"
description = "An unobtrusive argparse wrapper with natural syntax"
category = "main"
optional = false
python-versions = "*"
files = [
    {file = "argh-0.26.2-py2.py3-none-any.whl", hash = "sha256:a9b3aaa1904eeb78e32394cd46c6f37ac0fb4af6dc488daa58971bdc7d7fcaf3"},
    {file = "argh-0.26.2.tar.gz", hash = "sha256:e9535b8c84dc9571a48999094fda7f33e63c3f1b74f3e5f3ac0105a58405bb65"},
]

[[package]]
name = "biopython"
version = "1.73"
description = "Freely available tools for computational molecular biology."
category = "main"
optional = false
python-versions = "*"
files = [
    {file = "biopython-1.73-cp27-cp27m-macosx_10_6_intel.macosx_10_9_intel.macosx_10_9_x86_64.macosx_10_10_intel.macosx_10_10_x86_64.whl", hash = "sha256:c43a47ad3397336aa7af5a0bb5ebec91aa2ae328b71421e550cf7e7f80d00f69"},
    {file = "biopython-1.73-cp27-cp27m-manylinux1_i686.whl", hash = "sha256:0302d5be80850fbaa93789ab516d189c9400755901cfe566a324e8fea10ed39b"},
    {file = "biopython-1.73-cp27-cp27m-manylinux1_x86_64.whl", hash = "sha256:e5b5666724cab7983aebeb593e52dd276ff9fdabb3669d57db8b5ea303a097a5"},
    {file = "biopython-1.73-cp27-cp27m-win32.whl", hash = "sha256:c5beb53e2d5a5a573baaaa449a32d3adfb3d03bd7752adbcb20a62d6e8041e03"},
    {file = "biopython-1.73-cp27-cp27m-win_amd64.whl", hash = "sha256:add575d5b81eec95381a53ca8c042e9de9e506b24734ec773690247d997eaa69"},
    {file = "biopython-1.73-cp27-cp27mu-manylinux1_i686.whl", hash = "sha256:21723d79a1d15e99c823b440dd37176259dffa686e2a015919ad255d89238491"},
    {file = "biopython-1.73-cp27-cp27mu-manylinux1_x86_64.whl", hash = "sha256:85d53b91406aacfef673fb3cf24873d978654fa49d52b5ab4d9c3b0d06b003d6"},
    {file = "biopython-1.73-cp34-cp34m-macosx_10_6_intel.macosx_10_9_intel.macosx_10_9_x86_64.macosx_10_10_intel.macosx_10_10_x86_64.whl", hash = "sha256:59610b1639a7d9c1f36a5398e748c044c21f4285230fa79fcea2cafe835f9366"},
    {file = "biopython-1.73-cp34-cp34m-manylinux1_i686.whl", hash = "sha256:1c4b55412c12b246b948c3bbb30e60a7b075da9770449371a731ac9987849381"},
    {file = "biopython-1.73-cp34-cp34m-manylinux1_x86_64.whl", hash = "sha256:aed261f47f72d63292fdf4c81197fdbc150094a34e10176647a932c83e179db9"},
    {file = "biopython-1.73-cp34-cp34m-win32.whl", hash = "sha256:3cc401c15a85829eb6ae01babb02fbe7828548709b4dcb6d5149e94d5173ed7c"},
    {file = "biopython-1.73-cp34-cp34m-win_amd64.whl", hash = "sha256:f49558bea021cc5243e50efb38d545842153cde276e14879d6d63222065c683d"},
    {file = "biopython-1.73-cp35-cp35m-macosx_10_6_intel.macosx_10_9_intel.macosx_10_9_x86_64.macosx_10_10_intel.macosx_10_10_x86_64.whl", hash = "sha256:a149ea816f21ef72e1b4e6f538b13141584bdc531f864c5f1eb8b8feed71ba06"},
    {file = "biopython-1.73-cp35-cp35m-manylinux1_i686.whl", hash = "sha256:e7a03ae81b5507b3a668f81a58351c065fa6d8a0b77f772e183eb284c1cc4619"},
    {file = "biopython-1.73-cp35-cp35m-manylinux1_x86_64.whl", hash = "sha256:fce8051b05d62d7d0ff7af0999f6874bd9af17f0613e6c8664ac20c93215345a"},
    {file = "biopython-1.73-cp35-cp35m-win32.whl", hash = "sha256:99e6f78317c68b27a8b406c5595364005d43fee67f3b8ae20c3332588999442f"},
    {file = "biopython-1.73-cp35-cp35m-win_amd64.whl", hash = "sha256:839882c1929476538f9872e7fe6617c6fbcd65989483254817effbc388feead1"},
    {file = "biopython-1.73-cp36-cp36m-macosx_10_6_intel.macosx_10_9_intel.macosx_10_9_x86_64.macosx_10_10_intel.macosx_10_10_x86_64.whl", hash = "sha256:164b9958d1714f318015900f2689fcc08859f76b11484e8f91f1f29acb4b7465"},
    {file = "biopython-1.73-cp36-cp36m-manylinux1_i686.whl", hash = "sha256:d120346e2eed46beaf1d0771826a18cee7c3155cc8c0dafc6ffffc74ac49e8fc"},
    {file = "biopython-1.73-cp36-cp36m-manylinux1_x86_64.whl", hash = "sha256:92c0940c5c2a76b559538a4eb1fc0277d3e960209c537d5b74632fa87a51a810"},
    {file = "biopython-1.73-cp36-cp36m-win32.whl", hash = "sha256:5542f847a860b90e742a1be8a9807aa57accacd2bccfb07b3f6511f85201af19"},
    {file = "biopython-1.73-cp36-cp36m-win_amd64.whl", hash = "sha256:ef69ed6acf7bee26c530e40a768d060f46eef228d06aa2ea89439d3c54759bd8"},
    {file = "biopython-1.73-cp37-cp37m-macosx_10_6_intel.macosx_10_9_intel.macosx_10_9_x86_64.macosx_10_10_intel.macosx_10_10_x86_64.whl", hash = "sha256:cfb44ba6cdfb1dbfc05b7e46f26286b37d35b2bb847868c9088e9b67060fd7be"},
    {file = "biopython-1.73-cp37-cp37m-manylinux1_i686.whl", hash = "sha256:ede4e4335828a780dc2096fd0443c45efb3f8fcac741e544454997b978ad3cf3"},
    {file = "biopython-1.73-cp37-cp37m-manylinux1_x86_64.whl", hash = "sha256:26f8ae8ddf06c85dab12f5aaff538593c7cec69102bb4ad968b3eb40a0477bf8"},
    {file = "biopython-1.73-cp37-cp37m-win32.whl", hash = "sha256:93d79520586b48a2a77bec3a0623871b656c45dbb83c9b6834540f0a7232478e"},
    {file = "biopython-1.73-cp37-cp37m-win_amd64.whl", hash = "sha256:0fa9346c8ec144da12a556861090cfe5fbb6ecd89418d6358047b90def48e032"},
    {file = "biopython-1.73.tar.gz", hash = "sha256:70c5cc27dc61c23d18bb33b6d38d70edc4b926033aea3b7434737c731c94a5e0"},
]

[package.dependencies]
numpy = "*"

[[package]]
name = "bx-python"
version = "0.8.2"
description = "Tools for manipulating biological data, particularly multiple sequence alignments"
category = "main"
optional = false
python-versions = "*"
files = [
    {file = "bx-python-0.8.2.tar.gz", hash = "sha256:faeb0c7c9fcb2f95c4fc1995af4f45287641deee43a01659bd30fe95c5d37386"},
    {file = "bx_python-0.8.2-cp27-cp27m-macosx_10_6_intel.whl", hash = "sha256:3522c03f2604f5f070ef1129c66ae0b5763ac30399e357b0c96c8f29dc054e4e"},
    {file = "bx_python-0.8.2-cp27-cp27m-manylinux1_i686.whl", hash = "sha256:03a5599f3dc593f86ef6e36fef1af1c5cdb79b6a0819d8bca5258f29de9316d0"},
    {file = "bx_python-0.8.2-cp27-cp27m-manylinux1_x86_64.whl", hash = "sha256:c9132bc8fe10fda342eb97924504f2d1072b917892842b19c3557ce656d68ccc"},
    {file = "bx_python-0.8.2-cp27-cp27mu-manylinux1_i686.whl", hash = "sha256:8d712bff8e6df0937bcf9a7efbaecabab09952a254e7941f7a1f95453f65fc6a"},
    {file = "bx_python-0.8.2-cp27-cp27mu-manylinux1_x86_64.whl", hash = "sha256:8c9ce86aac8afab9636541b1e5d9cf7e919ec30277639db29db4b2fd06506f36"},
    {file = "bx_python-0.8.2-cp34-cp34m-macosx_10_6_intel.whl", hash = "sha256:087675bc4153082d6f9fa07447566f3acbd2ae1daffee17495aad655a1f9aca0"},
    {file = "bx_python-0.8.2-cp34-cp34m-manylinux1_i686.whl", hash = "sha256:95dd37e47ca6b2ad04381055c2299204712d8ebd6399c6368d57c024ef6b0082"},
    {file = "bx_python-0.8.2-cp34-cp34m-manylinux1_x86_64.whl", hash = "sha256:fa8d4a6092ccb31e9257a1005de8e09c1a5bd0666afdf56d0d525e97d6e135a1"},
    {file = "bx_python-0.8.2-cp35-cp35m-macosx_10_6_intel.whl", hash = "sha256:5ccc13a32e16636898c2cccd460819c2e32aa6a5f20c441912af55bd8fa7387e"},
    {file = "bx_python-0.8.2-cp35-cp35m-manylinux1_i686.whl", hash = "sha256:8a2d031eee8d84500047fc434d1a1f67305f5e07b427afe4a4283ef8be3cbb5a"},
    {file = "bx_python-0.8.2-cp35-cp35m-manylinux1_x86_64.whl", hash = "sha256:218dd6b7d83c84fe3ae4ba906101e59fdcd553540253124d743f79a0ccd00b74"},
    {file = "bx_python-0.8.2-cp36-cp36m-macosx_10_6_intel.whl", hash = "sha256:e10e66d96c399ca21326af919b405055f3f1c66880ab569f55b0d54fcd424a71"},
    {file = "bx_python-0.8.2-cp36-cp36m-manylinux1_i686.whl", hash = "sha256:f3e568f5858a11a2f9fc573036b983d189857ae90c6da40fc1ca3c15c5556a8f"},
    {file = "bx_python-0.8.2-cp36-cp36m-manylinux1_x86_64.whl", hash = "sha256:1600342b4b9cff53e1a4554f75486d110726f647d9a46db25ed64d1b7f3b054c"},
    {file = "bx_python-0.8.2-cp37-cp37m-macosx_10_6_intel.whl", hash = "sha256:b96e8afa295d45e3db53468d7d01c1adea1671accc3c64b51b2e1598eaf50c03"},
    {file = "bx_python-0.8.2-cp37-cp37m-manylinux1_i686.whl", hash = "sha256:d391ca89a8b939890dc6f72d87e3ca22a62fa183269a4651967bf9f9b48ec0dd"},
    {file = "bx_python-0.8.2-cp37-cp37m-manylinux1_x86_64.whl", hash = "sha256:0b773d36f62faf4848b1088af2e94c226494474eab27e69da5d564ca61222dfb"},
]

[package.dependencies]
numpy = "*"
six = "*"

[[package]]
name = "colorama"
version = "0.4.6"
description = "Cross-platform colored terminal text."
category = "main"
optional = false
python-versions = "!=3.0.*,!=3.1.*,!=3.2.*,!=3.3.*,!=3.4.*,!=3.5.*,!=3.6.*,>=2.7"
files = [
    {file = "colorama-0.4.6-py2.py3-none-any.whl", hash = "sha256:4f1d9991f5acc0ca119f9d443620b77f9d6b33703e51011c16baf57afb285fc6"},
    {file = "colorama-0.4.6.tar.gz", hash = "sha256:08695f5cb7ed6e0531a20572697297273c47b8cae5a63ffc6d6ed5c201be6e44"},
]

[[package]]
name = "gffutils"
version = "0.10.1"
description = "Work with GFF and GTF files in a flexible database framework"
category = "main"
optional = false
python-versions = "*"
files = [
    {file = "gffutils-0.10.1.tar.gz", hash = "sha256:a8fc39006d7aa353147238160640e2210b168f7849cb99896be3fc9441e351cb"},
]

[package.dependencies]
argcomplete = ">=1.9.4"
argh = ">=0.26.2"
pyfaidx = ">=0.5.5.2"
simplejson = "*"
six = ">=1.12.0"

[[package]]
name = "importlib-metadata"
version = "4.13.0"
description = "Read metadata from Python packages"
category = "main"
optional = false
python-versions = ">=3.7"
files = [
    {file = "importlib_metadata-4.13.0-py3-none-any.whl", hash = "sha256:8a8a81bcf996e74fee46f0d16bd3eaa382a7eb20fd82445c3ad11f4090334116"},
    {file = "importlib_metadata-4.13.0.tar.gz", hash = "sha256:dd0173e8f150d6815e098fd354f6414b0f079af4644ddfe90c71e2fc6174346d"},
]

[package.dependencies]
typing-extensions = {version = ">=3.6.4", markers = "python_version < \"3.8\""}
zipp = ">=0.5"

[package.extras]
docs = ["furo", "jaraco.packaging (>=9)", "jaraco.tidelift (>=1.4)", "rst.linker (>=1.9)", "sphinx (>=3.5)"]
perf = ["ipython"]
testing = ["flake8 (<5)", "flufl.flake8", "importlib-resources (>=1.3)", "packaging", "pyfakefs", "pytest (>=6)", "pytest-black (>=0.3.7)", "pytest-checkdocs (>=2.4)", "pytest-cov", "pytest-enabler (>=1.3)", "pytest-flake8", "pytest-mypy (>=0.9.1)", "pytest-perf (>=0.9.2)"]

[[package]]
name = "logzero"
version = "1.7.0"
description = "Robust and effective logging for Python 2 and 3"
category = "main"
optional = false
python-versions = "*"
files = [
    {file = "logzero-1.7.0-py2.py3-none-any.whl", hash = "sha256:23eb1f717a2736f9ab91ca0d43160fd2c996ad49ae6bad34652d47aba908769d"},
    {file = "logzero-1.7.0.tar.gz", hash = "sha256:7f73ddd3ae393457236f081ffebd044a3aa2e423a47ae6ddb5179ab90d0ad082"},
]

[package.dependencies]
colorama = {version = "*", markers = "sys_platform == \"win32\""}

[[package]]
name = "numpy"
version = "1.21.6"
description = "NumPy is the fundamental package for array computing with Python."
category = "main"
optional = false
python-versions = ">=3.7,<3.11"
files = [
    {file = "numpy-1.21.6-cp310-cp310-macosx_10_9_universal2.whl", hash = "sha256:8737609c3bbdd48e380d463134a35ffad3b22dc56295eff6f79fd85bd0eeeb25"},
    {file = "numpy-1.21.6-cp310-cp310-macosx_10_9_x86_64.whl", hash = "sha256:fdffbfb6832cd0b300995a2b08b8f6fa9f6e856d562800fea9182316d99c4e8e"},
    {file = "numpy-1.21.6-cp310-cp310-macosx_11_0_arm64.whl", hash = "sha256:3820724272f9913b597ccd13a467cc492a0da6b05df26ea09e78b171a0bb9da6"},
    {file = "numpy-1.21.6-cp310-cp310-manylinux_2_17_aarch64.manylinux2014_aarch64.whl", hash = "sha256:f17e562de9edf691a42ddb1eb4a5541c20dd3f9e65b09ded2beb0799c0cf29bb"},
    {file = "numpy-1.21.6-cp310-cp310-manylinux_2_17_x86_64.manylinux2014_x86_64.whl", hash = "sha256:5f30427731561ce75d7048ac254dbe47a2ba576229250fb60f0fb74db96501a1"},
    {file = "numpy-1.21.6-cp310-cp310-win32.whl", hash = "sha256:d4bf4d43077db55589ffc9009c0ba0a94fa4908b9586d6ccce2e0b164c86303c"},
    {file = "numpy-1.21.6-cp310-cp310-win_amd64.whl", hash = "sha256:d136337ae3cc69aa5e447e78d8e1514be8c3ec9b54264e680cf0b4bd9011574f"},
    {file = "numpy-1.21.6-cp37-cp37m-macosx_10_9_x86_64.whl", hash = "sha256:6aaf96c7f8cebc220cdfc03f1d5a31952f027dda050e5a703a0d1c396075e3e7"},
    {file = "numpy-1.21.6-cp37-cp37m-manylinux_2_12_i686.manylinux2010_i686.whl", hash = "sha256:67c261d6c0a9981820c3a149d255a76918278a6b03b6a036800359aba1256d46"},
    {file = "numpy-1.21.6-cp37-cp37m-manylinux_2_12_x86_64.manylinux2010_x86_64.whl", hash = "sha256:a6be4cb0ef3b8c9250c19cc122267263093eee7edd4e3fa75395dfda8c17a8e2"},
    {file = "numpy-1.21.6-cp37-cp37m-manylinux_2_17_aarch64.manylinux2014_aarch64.whl", hash = "sha256:7c4068a8c44014b2d55f3c3f574c376b2494ca9cc73d2f1bd692382b6dffe3db"},
    {file = "numpy-1.21.6-cp37-cp37m-win32.whl", hash = "sha256:7c7e5fa88d9ff656e067876e4736379cc962d185d5cd808014a8a928d529ef4e"},
    {file = "numpy-1.21.6-cp37-cp37m-win_amd64.whl", hash = "sha256:bcb238c9c96c00d3085b264e5c1a1207672577b93fa666c3b14a45240b14123a"},
    {file = "numpy-1.21.6-cp38-cp38-macosx_10_9_universal2.whl", hash = "sha256:82691fda7c3f77c90e62da69ae60b5ac08e87e775b09813559f8901a88266552"},
    {file = "numpy-1.21.6-cp38-cp38-macosx_10_9_x86_64.whl", hash = "sha256:643843bcc1c50526b3a71cd2ee561cf0d8773f062c8cbaf9ffac9fdf573f83ab"},
    {file = "numpy-1.21.6-cp38-cp38-macosx_11_0_arm64.whl", hash = "sha256:357768c2e4451ac241465157a3e929b265dfac85d9214074985b1786244f2ef3"},
    {file = "numpy-1.21.6-cp38-cp38-manylinux_2_12_i686.manylinux2010_i686.whl", hash = "sha256:9f411b2c3f3d76bba0865b35a425157c5dcf54937f82bbeb3d3c180789dd66a6"},
    {file = "numpy-1.21.6-cp38-cp38-manylinux_2_12_x86_64.manylinux2010_x86_64.whl", hash = "sha256:4aa48afdce4660b0076a00d80afa54e8a97cd49f457d68a4342d188a09451c1a"},
    {file = "numpy-1.21.6-cp38-cp38-manylinux_2_17_aarch64.manylinux2014_aarch64.whl", hash = "sha256:d6a96eef20f639e6a97d23e57dd0c1b1069a7b4fd7027482a4c5c451cd7732f4"},
    {file = "numpy-1.21.6-cp38-cp38-win32.whl", hash = "sha256:5c3c8def4230e1b959671eb959083661b4a0d2e9af93ee339c7dada6759a9470"},
    {file = "numpy-1.21.6-cp38-cp38-win_amd64.whl", hash = "sha256:bf2ec4b75d0e9356edea834d1de42b31fe11f726a81dfb2c2112bc1eaa508fcf"},
    {file = "numpy-1.21.6-cp39-cp39-macosx_10_9_universal2.whl", hash = "sha256:4391bd07606be175aafd267ef9bea87cf1b8210c787666ce82073b05f202add1"},
    {file = "numpy-1.21.6-cp39-cp39-macosx_10_9_x86_64.whl", hash = "sha256:67f21981ba2f9d7ba9ade60c9e8cbaa8cf8e9ae51673934480e45cf55e953673"},
    {file = "numpy-1.21.6-cp39-cp39-macosx_11_0_arm64.whl", hash = "sha256:ee5ec40fdd06d62fe5d4084bef4fd50fd4bb6bfd2bf519365f569dc470163ab0"},
    {file = "numpy-1.21.6-cp39-cp39-manylinux_2_12_i686.manylinux2010_i686.whl", hash = "sha256:1dbe1c91269f880e364526649a52eff93ac30035507ae980d2fed33aaee633ac"},
    {file = "numpy-1.21.6-cp39-cp39-manylinux_2_12_x86_64.manylinux2010_x86_64.whl", hash = "sha256:d9caa9d5e682102453d96a0ee10c7241b72859b01a941a397fd965f23b3e016b"},
    {file = "numpy-1.21.6-cp39-cp39-manylinux_2_17_aarch64.manylinux2014_aarch64.whl", hash = "sha256:58459d3bad03343ac4b1b42ed14d571b8743dc80ccbf27444f266729df1d6f5b"},
    {file = "numpy-1.21.6-cp39-cp39-win32.whl", hash = "sha256:7f5ae4f304257569ef3b948810816bc87c9146e8c446053539947eedeaa32786"},
    {file = "numpy-1.21.6-cp39-cp39-win_amd64.whl", hash = "sha256:e31f0bb5928b793169b87e3d1e070f2342b22d5245c755e2b81caa29756246c3"},
    {file = "numpy-1.21.6-pp37-pypy37_pp73-manylinux_2_12_x86_64.manylinux2010_x86_64.whl", hash = "sha256:dd1c8f6bd65d07d3810b90d02eba7997e32abbdf1277a481d698969e921a3be0"},
    {file = "numpy-1.21.6.zip", hash = "sha256:ecb55251139706669fdec2ff073c98ef8e9a84473e51e716211b41aa0f18e656"},
]

[[package]]
name = "pandas"
version = "0.24.0"
description = "Powerful data structures for data analysis, time series, and statistics"
category = "main"
optional = false
python-versions = ">=2.7,!=3.0.*,!=3.1.*,!=3.2.*,!=3.3.*,!=3.4.*"
files = [
    {file = "pandas-0.24.0-cp27-cp27m-macosx_10_6_intel.macosx_10_9_intel.macosx_10_9_x86_64.macosx_10_10_intel.macosx_10_10_x86_64.whl", hash = "sha256:e9989e17f203900b2c7add53fa17d6686e66282598359b43fb12260ae8bf7eba"},
    {file = "pandas-0.24.0-cp27-cp27m-win32.whl", hash = "sha256:560074ce9ff95409b233c0a8d143a2546a2d71d636d583172252dc0021fdb11b"},
    {file = "pandas-0.24.0-cp27-cp27m-win_amd64.whl", hash = "sha256:ff0d83306bfda4639fac2a4f8df2c51eb2bbdda540a74490703e8a6b413a37eb"},
    {file = "pandas-0.24.0-cp27-cp27mu-manylinux1_i686.whl", hash = "sha256:e6f9f5ad4e73f5eecaa66e9c9d30ff8661c400190a6079ee170e37a466457e31"},
    {file = "pandas-0.24.0-cp27-cp27mu-manylinux1_x86_64.whl", hash = "sha256:5bded8cb431705609dbd9048114f1d6d59bef2f1ca95a8c58bd649442c9dc16c"},
    {file = "pandas-0.24.0-cp35-cp35m-macosx_10_6_intel.macosx_10_9_intel.macosx_10_9_x86_64.macosx_10_10_intel.macosx_10_10_x86_64.whl", hash = "sha256:0dbcf78e68f619840184ce661c68c1760de403b0f69d81905d6b9a699d1861d6"},
    {file = "pandas-0.24.0-cp35-cp35m-manylinux1_i686.whl", hash = "sha256:eadc9d19b25420e1ae77f0a11b779d4e71f47c3aa1953c218e8fe812d1f5341e"},
    {file = "pandas-0.24.0-cp35-cp35m-manylinux1_x86_64.whl", hash = "sha256:8a8748684787792f3a643a7e0530c3024301f3e5799a199a5c2c526c07f712ba"},
    {file = "pandas-0.24.0-cp35-cp35m-win32.whl", hash = "sha256:d40b82a4aee4ca968348e41bf6588ed9cadd171c7da8b671ed31d3fd967de703"},
    {file = "pandas-0.24.0-cp35-cp35m-win_amd64.whl", hash = "sha256:fe71a037ce866d9fb717fd3a792d46c744433179bf3f25da48af8f46cee20c3e"},
    {file = "pandas-0.24.0-cp36-cp36m-macosx_10_6_intel.macosx_10_9_intel.macosx_10_9_x86_64.macosx_10_10_intel.macosx_10_10_x86_64.whl", hash = "sha256:f8eb9308bd64abf71dda77b823913696cd85c4f36c026acee0a64d8834a09b43"},
    {file = "pandas-0.24.0-cp36-cp36m-manylinux1_i686.whl", hash = "sha256:8c7e43c4b7920fc02ce7743b976aca15bd45293ed298d84793307bc9799df3f6"},
    {file = "pandas-0.24.0-cp36-cp36m-manylinux1_x86_64.whl", hash = "sha256:d8cf054a099ff694a0e75386471bdde098efe7c350548ec6b899f169bef1a859"},
    {file = "pandas-0.24.0-cp36-cp36m-win32.whl", hash = "sha256:174c3974da26fd778ac8537d74efb17d4cef59e6b3e81e3c59690f39a6f6b73d"},
    {file = "pandas-0.24.0-cp36-cp36m-win_amd64.whl", hash = "sha256:d3f27e276c8557c15c19c5c9a414e77b893d39fce6e6e40e5c46fcf5eeffe028"},
    {file = "pandas-0.24.0-cp37-cp37m-macosx_10_6_intel.macosx_10_9_intel.macosx_10_9_x86_64.macosx_10_10_intel.macosx_10_10_x86_64.whl", hash = "sha256:02d34a55e85819a7eab096f391f8dcc237876e8b3cdaf1fba964f5fb59af9acf"},
    {file = "pandas-0.24.0-cp37-cp37m-manylinux1_x86_64.whl", hash = "sha256:dd9f4843aa59f09698679b64064f11f51d60e45358ab45299de4dcff90524be3"},
    {file = "pandas-0.24.0-cp37-cp37m-win32.whl", hash = "sha256:3a8ab5c350131ba273d3f8eb430343304d6c2138a61d34e4a11ebd75f8bf3e7e"},
    {file = "pandas-0.24.0-cp37-cp37m-win_amd64.whl", hash = "sha256:ecb630a99b0ab6c178b5c2988ca8c5b98f6ec2fd9e172c2873a5df44b261310f"},
    {file = "pandas-0.24.0.tar.gz", hash = "sha256:9bd9ef3e183b7b1ce90b7ab5e8672907cd73dc36f036fc6714f0e7a5f9852da0"},
]

[package.dependencies]
numpy = ">=1.12.0"
python-dateutil = ">=2.5.0"

[[package]]
name = "pyfaidx"
version = "0.7.1"
description = "pyfaidx: efficient pythonic random access to fasta subsequences"
category = "main"
optional = false
python-versions = "*"
files = [
    {file = "pyfaidx-0.7.1.tar.gz", hash = "sha256:3977632b7fd29049f8b11035d7e9dea0e2c5da9c235f982b4c3fae06ff1fa23f"},
]

[package.dependencies]
setuptools = ">=0.7"
six = "*"

[[package]]
name = "pysam"
version = "0.15.2"
description = "pysam"
category = "main"
optional = false
python-versions = "*"
files = [
    {file = "pysam-0.15.2-cp27-cp27m-manylinux1_x86_64.whl", hash = "sha256:34dd4cf08cbdea1329a140f5446c319992460d400b9851c0cb5607f3c58ad256"},
    {file = "pysam-0.15.2-cp27-cp27mu-manylinux1_x86_64.whl", hash = "sha256:236ae950c0194037ac3e8a11fa7bda6b46db17ee3f86e1111775ed4b9cdaf95b"},
    {file = "pysam-0.15.2-cp34-cp34m-manylinux1_x86_64.whl", hash = "sha256:975fbd395b5c4d360be5fde2e34d418c64718ba732ae5b2bfb712e6cefa750d5"},
    {file = "pysam-0.15.2-cp35-cp35m-manylinux1_x86_64.whl", hash = "sha256:1e0a6abf4fe0d3934fee8d662f6fda28e466b60209b5b1fd41070e1ccfbe87f2"},
    {file = "pysam-0.15.2-cp36-cp36m-manylinux1_x86_64.whl", hash = "sha256:0f063380ebd727f58483b256fe21d90358527fbdf48b925ae2680cc1f2c553ae"},
    {file = "pysam-0.15.2-cp37-cp37m-manylinux1_x86_64.whl", hash = "sha256:e8166058e01d5b7fd2d82c5fee29f9c22e6016091b8c397cc029f7cc2f2f61ff"},
    {file = "pysam-0.15.2.tar.gz", hash = "sha256:d049efd91ed5b1af515aa30280bc9cb46a92ddd15d546c9b21ee68a6ed4055d9"},
]

[[package]]
name = "python-dateutil"
version = "2.8.2"
description = "Extensions to the standard Python datetime module"
category = "main"
optional = false
python-versions = "!=3.0.*,!=3.1.*,!=3.2.*,>=2.7"
files = [
    {file = "python-dateutil-2.8.2.tar.gz", hash = "sha256:0123cacc1627ae19ddf3c27a5de5bd67ee4586fbdd6440d9748f8abb483d3e86"},
    {file = "python_dateutil-2.8.2-py2.py3-none-any.whl", hash = "sha256:961d03dc3453ebbc59dbdea9e4e11c5651520a876d0f4db161e8674aae935da9"},
]

[package.dependencies]
six = ">=1.5"

[[package]]
name = "setuptools"
version = "66.1.1"
description = "Easily download, build, install, upgrade, and uninstall Python packages"
category = "main"
optional = false
python-versions = ">=3.7"
files = [
    {file = "setuptools-66.1.1-py3-none-any.whl", hash = "sha256:6f590d76b713d5de4e49fe4fbca24474469f53c83632d5d0fd056f7ff7e8112b"},
    {file = "setuptools-66.1.1.tar.gz", hash = "sha256:ac4008d396bc9cd983ea483cb7139c0240a07bbc74ffb6232fceffedc6cf03a8"},
]

[package.extras]
docs = ["furo", "jaraco.packaging (>=9)", "jaraco.tidelift (>=1.4)", "pygments-github-lexers (==0.0.5)", "rst.linker (>=1.9)", "sphinx (>=3.5)", "sphinx-favicon", "sphinx-hoverxref (<2)", "sphinx-inline-tabs", "sphinx-lint", "sphinx-notfound-page (==0.8.3)", "sphinx-reredirects", "sphinxcontrib-towncrier"]
testing = ["build[virtualenv]", "filelock (>=3.4.0)", "flake8 (<5)", "flake8-2020", "ini2toml[lite] (>=0.9)", "jaraco.envs (>=2.2)", "jaraco.path (>=3.2.0)", "pip (>=19.1)", "pip-run (>=8.8)", "pytest (>=6)", "pytest-black (>=0.3.7)", "pytest-checkdocs (>=2.4)", "pytest-cov", "pytest-enabler (>=1.3)", "pytest-flake8", "pytest-mypy (>=0.9.1)", "pytest-perf", "pytest-timeout", "pytest-xdist", "tomli-w (>=1.0.0)", "virtualenv (>=13.0.0)", "wheel"]
testing-integration = ["build[virtualenv]", "filelock (>=3.4.0)", "jaraco.envs (>=2.2)", "jaraco.path (>=3.2.0)", "pytest", "pytest-enabler", "pytest-xdist", "tomli", "virtualenv (>=13.0.0)", "wheel"]

[[package]]
name = "simplejson"
version = "3.18.1"
description = "Simple, fast, extensible JSON encoder/decoder for Python"
category = "main"
optional = false
python-versions = ">=2.5, !=3.0.*, !=3.1.*, !=3.2.*"
files = [
    {file = "simplejson-3.18.1-cp27-cp27m-macosx_10_9_x86_64.whl", hash = "sha256:e153cd584d63aa9c70db25b7c094e15ec2dae804ab78291a1a8709be768dcaa2"},
    {file = "simplejson-3.18.1-cp27-cp27m-manylinux1_i686.whl", hash = "sha256:8e913e3a0818b178138658a84969b6d1f057be41a0eabdb0caf49ff4a577e060"},
    {file = "simplejson-3.18.1-cp27-cp27m-manylinux1_x86_64.whl", hash = "sha256:2d4646c075da38dd668177e192cd5a6fd42f06bdf722cc1622b768e26ed97611"},
    {file = "simplejson-3.18.1-cp27-cp27m-manylinux2010_i686.whl", hash = "sha256:c70b314b5ffc3b97239cf491b4b4f65c5882c9653359791914995d78aeb4791d"},
    {file = "simplejson-3.18.1-cp27-cp27m-manylinux2010_x86_64.whl", hash = "sha256:7b76e623fd8553379a37e97219e51f66b0fca6bb9d6ed13da07bdb768f29d966"},
    {file = "simplejson-3.18.1-cp27-cp27mu-manylinux1_i686.whl", hash = "sha256:a8f6523a69a0fee56f65749487fd47b11489a98f1a913f35f3be778fefa45ff4"},
    {file = "simplejson-3.18.1-cp27-cp27mu-manylinux1_x86_64.whl", hash = "sha256:188d3e1a20d11507af0606eed14accb72e629c0e28830feb487c6b0e134be625"},
    {file = "simplejson-3.18.1-cp27-cp27mu-manylinux2010_i686.whl", hash = "sha256:05b907cdf2bfd5e8d24696f5b4ec7dcf98303ea0d2ca2e1544beabfdc1a60dcb"},
    {file = "simplejson-3.18.1-cp27-cp27mu-manylinux2010_x86_64.whl", hash = "sha256:91ed1b72edd36c68ec76e94ee4511048b2bd0b066963c1696c42a7a59a585a93"},
    {file = "simplejson-3.18.1-cp310-cp310-macosx_10_9_universal2.whl", hash = "sha256:44fb979ea0790c2818e36c739b401734930aeeb4df51d5b04a02ce4c18103326"},
    {file = "simplejson-3.18.1-cp310-cp310-macosx_10_9_x86_64.whl", hash = "sha256:8c390830b16aecb53b1afb0c863aa4084e965731c2b08419c9e4e79667627b35"},
    {file = "simplejson-3.18.1-cp310-cp310-macosx_11_0_arm64.whl", hash = "sha256:d2b0ea9020454c6b9725289282ff8df0e38ef7d9e44613cb62c044cfde518b7f"},
    {file = "simplejson-3.18.1-cp310-cp310-manylinux_2_17_aarch64.manylinux2014_aarch64.whl", hash = "sha256:4f2bca68f02c2ca66cb97860307dd5abad405417a6f100f167d37b126a6bae93"},
    {file = "simplejson-3.18.1-cp310-cp310-manylinux_2_5_i686.manylinux1_i686.manylinux_2_17_i686.manylinux2014_i686.whl", hash = "sha256:ec3e189915167ac4c0f49f7916dde3387ad8dba74680342232c88baf68aa37fc"},
    {file = "simplejson-3.18.1-cp310-cp310-manylinux_2_5_x86_64.manylinux1_x86_64.manylinux_2_17_x86_64.manylinux2014_x86_64.whl", hash = "sha256:766314378ba1eda1d5c2779ca7a79b16e7f438e266cdfff5e748e585d322643f"},
    {file = "simplejson-3.18.1-cp310-cp310-musllinux_1_1_aarch64.whl", hash = "sha256:cd7b2e53f2fd34048b73f49e81c540f0735d7bd34518b36b47ecc770eb28eda5"},
    {file = "simplejson-3.18.1-cp310-cp310-musllinux_1_1_i686.whl", hash = "sha256:aaa8d8e799eb1fd1b985d7b13954908ecc861b26b11b9e047320caad0adb4476"},
    {file = "simplejson-3.18.1-cp310-cp310-musllinux_1_1_x86_64.whl", hash = "sha256:b0f9b98010145cab76d1d61ccd753e7f558128375cd63926d0d28718847f13fd"},
    {file = "simplejson-3.18.1-cp310-cp310-win32.whl", hash = "sha256:affb755fda33d2db93c05674ef5a50ee0395fa0ae2d9d0156820cf57273a5f48"},
    {file = "simplejson-3.18.1-cp310-cp310-win_amd64.whl", hash = "sha256:128b931ff9ef86ac252e7c2503fbdd951d2985874fcf7b69ed267ddaa5a17b58"},
    {file = "simplejson-3.18.1-cp311-cp311-macosx_10_9_universal2.whl", hash = "sha256:86e8cdb5136ac816a7237cba5e738ff28b6976fa0a0e0fef93ae31a097c1bf8b"},
    {file = "simplejson-3.18.1-cp311-cp311-macosx_10_9_x86_64.whl", hash = "sha256:2dec2152af65fffc469b49bab6b27898a8e0669b49fd1ade23fcaa2f98e0d4f8"},
    {file = "simplejson-3.18.1-cp311-cp311-macosx_11_0_arm64.whl", hash = "sha256:1e8da2f4f87cc71f61e35ee7c1b8a7a6c8ff3ecdeac2e00abe4e49bf8a5a9cae"},
    {file = "simplejson-3.18.1-cp311-cp311-manylinux_2_17_aarch64.manylinux2014_aarch64.whl", hash = "sha256:9bac4575a64bfc97890d10b6953800c397cda1d8c241eff9b4dbcb382a337532"},
    {file = "simplejson-3.18.1-cp311-cp311-manylinux_2_5_i686.manylinux1_i686.manylinux_2_17_i686.manylinux2014_i686.whl", hash = "sha256:081a1e525bef7954d7e22b981aaed7af25866c6cd2213109319d007f8653ac18"},
    {file = "simplejson-3.18.1-cp311-cp311-manylinux_2_5_x86_64.manylinux1_x86_64.manylinux_2_17_x86_64.manylinux2014_x86_64.whl", hash = "sha256:7e50ddacae67d9423309cc3eb04bda8161b2c5c49432b4a32c83575f603e78cc"},
    {file = "simplejson-3.18.1-cp311-cp311-musllinux_1_1_aarch64.whl", hash = "sha256:ba6ff90fc11a23236dd4ac3745dd58fa9673470ec1ac79df218ae0946acf702a"},
    {file = "simplejson-3.18.1-cp311-cp311-musllinux_1_1_i686.whl", hash = "sha256:fdf064e57bcaadf7df7402bce22101103b9c7ff4f9615c8fa5e9027828abaa1d"},
    {file = "simplejson-3.18.1-cp311-cp311-musllinux_1_1_x86_64.whl", hash = "sha256:ee8a49e42fed15e53ea4bf584ade744de1be251f26e9d8d25af856ab7b6d50b7"},
    {file = "simplejson-3.18.1-cp311-cp311-win32.whl", hash = "sha256:3d2fbcd446bcdf7792dc53bde5b68091b69f1b94856db1fc35d904907b8fba96"},
    {file = "simplejson-3.18.1-cp311-cp311-win_amd64.whl", hash = "sha256:8061f5f4c1fbd1a6cb2174eb3ecd63e287a21ef59c4a1465f84315d541eaecc1"},
    {file = "simplejson-3.18.1-cp36-cp36m-macosx_10_9_x86_64.whl", hash = "sha256:b34081b9b39e27fb7c8189a0b78ef8d9e1bb8a2238d8ab1cf7c5a17d517cad95"},
    {file = "simplejson-3.18.1-cp36-cp36m-manylinux_2_17_aarch64.manylinux2014_aarch64.whl", hash = "sha256:cbb77592448dbd1641cedc2de4b374c45ac9db463c9ba467ef9960e8d5cd4c63"},
    {file = "simplejson-3.18.1-cp36-cp36m-manylinux_2_5_i686.manylinux1_i686.manylinux_2_17_i686.manylinux2014_i686.whl", hash = "sha256:2869ae5d90655fd2f817411a54008107c3aca0a199cf978b60f8eea082ac5ca0"},
    {file = "simplejson-3.18.1-cp36-cp36m-manylinux_2_5_x86_64.manylinux1_x86_64.manylinux_2_17_x86_64.manylinux2014_x86_64.whl", hash = "sha256:a39ff00d2ba06c05b0130ee7b3a431e8a81356bf3a0008b98c41cf1bef3662ee"},
    {file = "simplejson-3.18.1-cp36-cp36m-musllinux_1_1_aarch64.whl", hash = "sha256:802dfb04449be795f6ba8e082c3f3de14ea63fc10d6b699567632b6e457147d3"},
    {file = "simplejson-3.18.1-cp36-cp36m-musllinux_1_1_i686.whl", hash = "sha256:4d9c6e9404a4508f929feb50fbe6ea50345fc72470a2bb748ebf0319180a4559"},
    {file = "simplejson-3.18.1-cp36-cp36m-musllinux_1_1_x86_64.whl", hash = "sha256:70b92cd8a476b1ecefa3867669eac06fde3fff354a8cb9f91c45cd3ff706c0ee"},
    {file = "simplejson-3.18.1-cp36-cp36m-win32.whl", hash = "sha256:64a3b477359ab66674e3b56e04c9c370e8df19161ecce260b94f7c8555adb8bf"},
    {file = "simplejson-3.18.1-cp36-cp36m-win_amd64.whl", hash = "sha256:039b27f5a02b0919bea8af92bef1929ffd84ec98381f4fd72b6d29dd4742f7ee"},
    {file = "simplejson-3.18.1-cp37-cp37m-macosx_10_9_x86_64.whl", hash = "sha256:eb7755521d3a6501e6a435430f5594f8c409b80525a5a027fd1e0d388d5170ee"},
    {file = "simplejson-3.18.1-cp37-cp37m-manylinux_2_17_aarch64.manylinux2014_aarch64.whl", hash = "sha256:1ae965e2906209a529f519edb1d101aa53c77208845973bc80343ae9cfb92297"},
    {file = "simplejson-3.18.1-cp37-cp37m-manylinux_2_5_i686.manylinux1_i686.manylinux_2_17_i686.manylinux2014_i686.whl", hash = "sha256:652e2c36f6b186e52ff7e59a3e3cfedd9585fd19f133ec57c5b3e93fd2a633c1"},
    {file = "simplejson-3.18.1-cp37-cp37m-manylinux_2_5_x86_64.manylinux1_x86_64.manylinux_2_17_x86_64.manylinux2014_x86_64.whl", hash = "sha256:66dae3897156b3654214e48cc807f66ed100d884b3fa1ac93fea34ff5998dfc9"},
    {file = "simplejson-3.18.1-cp37-cp37m-musllinux_1_1_aarch64.whl", hash = "sha256:9608b83e2c3d0d86b618e1d8c18b12572b0c688f8d08c6cbc7f8639c731e8e0b"},
    {file = "simplejson-3.18.1-cp37-cp37m-musllinux_1_1_i686.whl", hash = "sha256:cac4b2af2b52585eb0c1c8fa5baff09856040a3e5575f93b3ce65136ca7840cc"},
    {file = "simplejson-3.18.1-cp37-cp37m-musllinux_1_1_x86_64.whl", hash = "sha256:5010b2657e03ea230766f789369708a5dff2aa0a29d54a5c92fdf851f6aae37b"},
    {file = "simplejson-3.18.1-cp37-cp37m-win32.whl", hash = "sha256:2b1eae836e388851d3d95260c113df66aeeedb1dd20e60dbc4439aa2b346903c"},
    {file = "simplejson-3.18.1-cp37-cp37m-win_amd64.whl", hash = "sha256:0c1773f2eee5e8a4d74475caed96cb6364fbebeeafb5a915af7d93d9c0ac28af"},
    {file = "simplejson-3.18.1-cp38-cp38-macosx_10_9_universal2.whl", hash = "sha256:77742d20075fc5cb492c807616be100e725fc791c0ce116a3fe439e17035efed"},
    {file = "simplejson-3.18.1-cp38-cp38-macosx_10_9_x86_64.whl", hash = "sha256:884c1aa219cc0c7de2e82566f429eb8550b40c09a7de008acdc6fc2b99913eab"},
    {file = "simplejson-3.18.1-cp38-cp38-macosx_11_0_arm64.whl", hash = "sha256:6adb7667764d583f7c76eec446f07d337bbfd37edc9e79b702bd45f2a9b7d42d"},
    {file = "simplejson-3.18.1-cp38-cp38-manylinux_2_17_aarch64.manylinux2014_aarch64.whl", hash = "sha256:7a6479f76f10546faa2af5cba80855345822eaa2b294a48851086f4be2189bdb"},
    {file = "simplejson-3.18.1-cp38-cp38-manylinux_2_5_i686.manylinux1_i686.manylinux_2_17_i686.manylinux2014_i686.whl", hash = "sha256:78f4feb838b35035a01ece5e473797db0dd7df5fbc14ee7dd00f76b98160fb14"},
    {file = "simplejson-3.18.1-cp38-cp38-manylinux_2_5_x86_64.manylinux1_x86_64.manylinux_2_17_x86_64.manylinux2014_x86_64.whl", hash = "sha256:dc534f8ca83b672774bca72850022fa8ae9e34e2f6fe401a655be823873fd14c"},
    {file = "simplejson-3.18.1-cp38-cp38-musllinux_1_1_aarch64.whl", hash = "sha256:57b6ccc4f6676977901f65e6fb576e3d24e534e2066799669d528591b49ad405"},
    {file = "simplejson-3.18.1-cp38-cp38-musllinux_1_1_i686.whl", hash = "sha256:a63816ddad1fd3788cfdb31dacd4ee187205d9501a3c093560e2d50952ff5367"},
    {file = "simplejson-3.18.1-cp38-cp38-musllinux_1_1_x86_64.whl", hash = "sha256:0fd04f41446062c5b2f73d7fb95f26622329d7e4c676ed9b26133149ac110435"},
    {file = "simplejson-3.18.1-cp38-cp38-win32.whl", hash = "sha256:5627dd758ac5e3a2260b4d63f0ae1276c215e968dc73a77ff8cb99b814f04741"},
    {file = "simplejson-3.18.1-cp38-cp38-win_amd64.whl", hash = "sha256:0bc11f3957035b74b8c02cdcd8501bb04e0c03600d6407089171195e3f8ab311"},
    {file = "simplejson-3.18.1-cp39-cp39-macosx_10_9_universal2.whl", hash = "sha256:487462150adf9fdbd2212b8cf04ad573a927e32a7a777b920a66cc5b2667bfce"},
    {file = "simplejson-3.18.1-cp39-cp39-macosx_10_9_x86_64.whl", hash = "sha256:04dddf0661b5e90110010d949421b2a34e2ee3aebb507c9a6a9847b8b0123223"},
    {file = "simplejson-3.18.1-cp39-cp39-macosx_11_0_arm64.whl", hash = "sha256:5b06af5e5932f01922137e196708658284aa9333c753ac81d4dbe394bf15879c"},
    {file = "simplejson-3.18.1-cp39-cp39-manylinux_2_17_aarch64.manylinux2014_aarch64.whl", hash = "sha256:c4d899d2080cb91c9319a086852ec8d7bd0e4fb87fa9055f6200009fb247213b"},
    {file = "simplejson-3.18.1-cp39-cp39-manylinux_2_5_i686.manylinux1_i686.manylinux_2_17_i686.manylinux2014_i686.whl", hash = "sha256:9cb5c93c967189909723ee73e01df78cda868af868f824e4620483db52d2c028"},
    {file = "simplejson-3.18.1-cp39-cp39-manylinux_2_5_x86_64.manylinux1_x86_64.manylinux_2_17_x86_64.manylinux2014_x86_64.whl", hash = "sha256:4fa6b86bb10bec92b4ac566ef403d2bf31cccf89687556200086b6d3028a1b4f"},
    {file = "simplejson-3.18.1-cp39-cp39-musllinux_1_1_aarch64.whl", hash = "sha256:876b8a1ac493342ac88ebcd6fbdf7442d4c8209d0fe01a8637840ae1e0e7ef32"},
    {file = "simplejson-3.18.1-cp39-cp39-musllinux_1_1_i686.whl", hash = "sha256:32252907f6638f5781b182bda1326f63f53bfe549307eeba70c2ba5fafa9e5dd"},
    {file = "simplejson-3.18.1-cp39-cp39-musllinux_1_1_x86_64.whl", hash = "sha256:514bd993830a2f975d2841607a1dae755c0417374fe9716f2d468a9fa98272ab"},
    {file = "simplejson-3.18.1-cp39-cp39-win32.whl", hash = "sha256:1ba2f1e29b4c3bb1fb6a120df971e65380695149882c7edf90cfaf099998c9d9"},
    {file = "simplejson-3.18.1-cp39-cp39-win_amd64.whl", hash = "sha256:28908114288372941a8bf9cd98795bd9db527bcb4f6a782e73e18c410909f3d0"},
    {file = "simplejson-3.18.1.tar.gz", hash = "sha256:746086e3ef6d74b53599df31b491d88a355abf2e31c837137dd90f8c4561cafa"},
]

[[package]]
name = "six"
version = "1.16.0"
description = "Python 2 and 3 compatibility utilities"
category = "main"
optional = false
python-versions = ">=2.7, !=3.0.*, !=3.1.*, !=3.2.*"
files = [
    {file = "six-1.16.0-py2.py3-none-any.whl", hash = "sha256:8abb2f1d86890a2dfb989f9a77cfcfd3e47c2a354b01111771326f8aa26e0254"},
    {file = "six-1.16.0.tar.gz", hash = "sha256:1e61c37477a1626458e36f7b1d82aa5c9b094fa4802892072e49de9c60c4c926"},
]

[[package]]
name = "typing-extensions"
version = "4.4.0"
description = "Backported and Experimental Type Hints for Python 3.7+"
category = "main"
optional = false
python-versions = ">=3.7"
files = [
    {file = "typing_extensions-4.4.0-py3-none-any.whl", hash = "sha256:16fa4864408f655d35ec496218b85f79b3437c829e93320c7c9215ccfd92489e"},
    {file = "typing_extensions-4.4.0.tar.gz", hash = "sha256:1511434bb92bf8dd198c12b1cc812e800d4181cfcb867674e0f8279cc93087aa"},
]

[[package]]
name = "xxhash"
version = "1.4.3"
description = "Python binding for xxHash"
category = "main"
optional = false
python-versions = ">=2.6, !=3.0.*, !=3.1.*, !=3.2.*"
files = [
    {file = "xxhash-1.4.3-cp27-cp27m-macosx_10_6_intel.whl", hash = "sha256:203ba0c2df5bd9a6990dd8521b0d5b03cf7bebac0790cc740c18e61f0aeccc89"},
    {file = "xxhash-1.4.3-cp27-cp27m-manylinux1_i686.whl", hash = "sha256:dd38149723aa982d43e09a05a20bd213097faf80245ea9975f84caf3bdb8d3c6"},
    {file = "xxhash-1.4.3-cp27-cp27m-manylinux1_x86_64.whl", hash = "sha256:9bbc63663b6ed704b051bfdc9f4ba45c97b38ef42786a41a49f55cdadcbe6085"},
    {file = "xxhash-1.4.3-cp27-cp27m-manylinux2010_i686.whl", hash = "sha256:54eb964b79bd2409872425b3bfd6c42755dd4586cd1fdbb2ffc1075327df9a14"},
    {file = "xxhash-1.4.3-cp27-cp27m-manylinux2010_x86_64.whl", hash = "sha256:507cb7dfd4eba033987b812333705b64ba484a0ac1cec3225dfb155935f80f4f"},
    {file = "xxhash-1.4.3-cp27-cp27m-win32.whl", hash = "sha256:e4e2b96fcc14be4477ee1d4d60c86efe70cd3326724de427c6915113e8f4cda3"},
    {file = "xxhash-1.4.3-cp27-cp27m-win_amd64.whl", hash = "sha256:749967f82721639404f5ef6d985d5a0971e12abc6a8f55bfd4b30bad89020d7e"},
    {file = "xxhash-1.4.3-cp27-cp27mu-manylinux1_i686.whl", hash = "sha256:d9cd8c83a0473cd16b91e598fc1497cc6c03430320598c16adf7468eeb146c76"},
    {file = "xxhash-1.4.3-cp27-cp27mu-manylinux1_x86_64.whl", hash = "sha256:54e005dbd92f220362556df74b3f6898d3a04a6ad734dd47f70849cab99d0702"},
    {file = "xxhash-1.4.3-cp27-cp27mu-manylinux2010_i686.whl", hash = "sha256:ddf0c922b832e59bb503ef5962e3aba55e63114d6deb46021c319b626cb4fad1"},
    {file = "xxhash-1.4.3-cp27-cp27mu-manylinux2010_x86_64.whl", hash = "sha256:a10712d0cbf7fff9def2ea194291bfcfc5891be11b2ce243bcbc3a3bc009f8e6"},
    {file = "xxhash-1.4.3-cp35-cp35m-macosx_10_6_intel.whl", hash = "sha256:1d6e4f9c1a8db495f256932c21a321388ac351503525503f587304fef24b60ff"},
    {file = "xxhash-1.4.3-cp35-cp35m-manylinux1_i686.whl", hash = "sha256:4afcdfe638f49f82a6f24373f85c811cafff32438fbdaedfd540bf1d44ff5b81"},
    {file = "xxhash-1.4.3-cp35-cp35m-manylinux1_x86_64.whl", hash = "sha256:217dfbbebeeb84523577410dbb5ae04b86aadec705f074006a329c039684d4f6"},
    {file = "xxhash-1.4.3-cp35-cp35m-manylinux2010_i686.whl", hash = "sha256:bf2ffb29906afa4c6b0520b68bf521ad15254e0e409e849250c209a3cac8c23f"},
    {file = "xxhash-1.4.3-cp35-cp35m-manylinux2010_x86_64.whl", hash = "sha256:100a97c2ea069f1f03107d1a6894094fa59fb17707bc779e0e127597cac956f9"},
    {file = "xxhash-1.4.3-cp35-cp35m-win32.whl", hash = "sha256:dd25dc975bda87983c0c4dbc65b0cf4724a0aed6d299485ce42051cbb20b7b0c"},
    {file = "xxhash-1.4.3-cp35-cp35m-win_amd64.whl", hash = "sha256:37531a8518683594ba05030065f5e8a0f27d49febfe7cd43ad605317677fd314"},
    {file = "xxhash-1.4.3-cp36-cp36m-macosx_10_6_intel.whl", hash = "sha256:06d3350a7586cf4938c5941c3744ab7f633204acb3c4c3d96f694fb0ee8d1bcc"},
    {file = "xxhash-1.4.3-cp36-cp36m-manylinux1_i686.whl", hash = "sha256:8c4c70bf607811a17ecbd91b7cea85b54064c3d950019e4d2d7e3d0ae4d0bef8"},
    {file = "xxhash-1.4.3-cp36-cp36m-manylinux1_x86_64.whl", hash = "sha256:d5a2c3922dea3ed2dab17e1748620f0edfa3748bf287f12df5ef997bbf7a0978"},
    {file = "xxhash-1.4.3-cp36-cp36m-manylinux2010_i686.whl", hash = "sha256:2f7930f70db5bc36415ac13d7b8f4605c50b03f03f13d482b0df110f2a6249e0"},
    {file = "xxhash-1.4.3-cp36-cp36m-manylinux2010_x86_64.whl", hash = "sha256:e8084f19e7e9cbb91ae8f8b9cd1a2a237cabeae7287e8996573527dec9d34089"},
    {file = "xxhash-1.4.3-cp36-cp36m-win32.whl", hash = "sha256:97d11269b08268fde1db033ff1cf1d165e6f9322a38b37a11fc96b5b20a83c5e"},
    {file = "xxhash-1.4.3-cp36-cp36m-win_amd64.whl", hash = "sha256:449f22427435e046430a0f6b72bd87acf6e414205e8038dd6c8bf91466438452"},
    {file = "xxhash-1.4.3-cp37-cp37m-macosx_10_6_intel.whl", hash = "sha256:511e59c0a07c05565ecd10184c9a1fccd1d8be31f37b21b733ab7d049510c825"},
    {file = "xxhash-1.4.3-cp37-cp37m-manylinux1_i686.whl", hash = "sha256:dad68b19e1a5c51bf72329b3f95e50465fd10f85e87bb104f435511ad0cddbf5"},
    {file = "xxhash-1.4.3-cp37-cp37m-manylinux1_x86_64.whl", hash = "sha256:2e17e1c9970b8cd6cf80eab92dd4b45b482d90b6b7b1d55d7904ff5858952408"},
    {file = "xxhash-1.4.3-cp37-cp37m-manylinux2010_i686.whl", hash = "sha256:f09f8c90494870b60df554196c3ff8531dfcf74ab1a69e7946079e8e73ab0881"},
    {file = "xxhash-1.4.3-cp37-cp37m-manylinux2010_x86_64.whl", hash = "sha256:cf4909947d9e9244ad38adec49291ddc8338157fef70df651bc8255168c07767"},
    {file = "xxhash-1.4.3-cp37-cp37m-win32.whl", hash = "sha256:555c923477a05d560ba1ec81de215c64a22cc2bc4c1d5c9f739523e6f3f3736d"},
    {file = "xxhash-1.4.3-cp37-cp37m-win_amd64.whl", hash = "sha256:86838d6fad9ec3719cb292f41d81c7f0115946be17acfc58e9aad252346baa56"},
    {file = "xxhash-1.4.3-cp38-cp38-macosx_10_9_x86_64.whl", hash = "sha256:7b656261429d752709d5025b3f2099c2ab383e18e7084fb6bd7534259f0b718d"},
    {file = "xxhash-1.4.3-cp38-cp38-manylinux1_i686.whl", hash = "sha256:bd006bf01fa7f267eab4ede198d828face8ba5457c47271adea1120947c7f0e1"},
    {file = "xxhash-1.4.3-cp38-cp38-manylinux1_x86_64.whl", hash = "sha256:431051a97c72f8b06b62e26a0f11364a67379825eb650850428611120d102c0c"},
    {file = "xxhash-1.4.3-cp38-cp38-manylinux2010_i686.whl", hash = "sha256:a98347a9985b27f814cf978400fe2dcecf155f986d60b1752176f964212d0880"},
    {file = "xxhash-1.4.3-cp38-cp38-manylinux2010_x86_64.whl", hash = "sha256:b2acce56c5b9fd8f8b0ac1c4f451c7b883f17c8e9a0e33a9ec5c280d4f7937f8"},
    {file = "xxhash-1.4.3-cp38-cp38-win32.whl", hash = "sha256:9fbd9ae4b51c8b4a49562983e5413e0b757601bafee59ee8c9cdfeb8b9cb07cf"},
    {file = "xxhash-1.4.3-cp38-cp38-win_amd64.whl", hash = "sha256:1cdd06fa8cd9a0238b6deed08ac21455d45cda7c92665356093f36bec1707a71"},
    {file = "xxhash-1.4.3.tar.gz", hash = "sha256:8b6b1afe7731d7d9cbb0398b4a811ebb5e6be5c174f72c68abf81f919a435de9"},
]

[[package]]
name = "zipp"
version = "3.11.0"
description = "Backport of pathlib-compatible object wrapper for zip files"
category = "main"
optional = false
python-versions = ">=3.7"
files = [
    {file = "zipp-3.11.0-py3-none-any.whl", hash = "sha256:83a28fcb75844b5c0cdaf5aa4003c2d728c77e05f5aeabe8e95e56727005fbaa"},
    {file = "zipp-3.11.0.tar.gz", hash = "sha256:a7a22e05929290a67401440b39690ae6563279bced5f314609d9d03798f56766"},
]

[package.extras]
docs = ["furo", "jaraco.packaging (>=9)", "jaraco.tidelift (>=1.4)", "rst.linker (>=1.9)", "sphinx (>=3.5)"]
testing = ["flake8 (<5)", "func-timeout", "jaraco.functools", "jaraco.itertools", "more-itertools", "pytest (>=6)", "pytest-black (>=0.3.7)", "pytest-checkdocs (>=2.4)", "pytest-cov", "pytest-enabler (>=1.3)", "pytest-flake8", "pytest-mypy (>=0.9.1)"]

[metadata]
lock-version = "2.0"
python-versions = ">=3.7,<3.8"
content-hash = "fa4099db915e62a1a6d876649b38bf5d8273a7ae1f2ceb354e985f71cdfab852"
